{
  "name": "demoapp",
  "version": "0.0.1",
  "lockfileVersion": 1,
  "requires": true,
  "dependencies": {
    "react-native-splash-screen": {
      "version": "3.1.1",
      "resolved": "https://registry.npmjs.org/react-native-splash-screen/-/react-native-splash-screen-3.1.1.tgz",
      "integrity": "sha512-PU2YocOSGbLjL9Vgcq/cwMNuHHKNjjuPpa1IPMuWo+6EB/fSZ5VOmxSa7+eucQe3631s3NhGuk3eHKahU03a4Q=="
    }
  }
}
